// !$*UTF8*$!
/* Copyright 2020 VMware, Inc.
 * SPDX-License-Identifier: BSD-2-Clause
 */
{
	archiveVersion = 1;
	classes = {
	};
	objectVersion = 52;
	objects = {

/* Begin PBXBuildFile section */
		041FCB58255C3DCE00BD92D0 /* CaptiveWebView in Frameworks */ = {isa = PBXBuildFile; productRef = 041FCB57255C3DCE00BD92D0 /* CaptiveWebView */; };
		044BDBB923A12383009F2C76 /* AppDelegate.swift in Sources */ = {isa = PBXBuildFile; fileRef = 044BDBB823A12383009F2C76 /* AppDelegate.swift */; };
		044BDBBB23A12383009F2C76 /* MainViewController.swift in Sources */ = {isa = PBXBuildFile; fileRef = 044BDBBA23A12383009F2C76 /* MainViewController.swift */; };
		044BDBC023A12385009F2C76 /* Assets.xcassets in Resources */ = {isa = PBXBuildFile; fileRef = 044BDBBF23A12385009F2C76 /* Assets.xcassets */; };
		044BDBC323A12385009F2C76 /* LaunchScreen.storyboard in Resources */ = {isa = PBXBuildFile; fileRef = 044BDBC123A12385009F2C76 /* LaunchScreen.storyboard */; };
		045CC08023A5047600912780 /* SecondaryViewController.swift in Sources */ = {isa = PBXBuildFile; fileRef = 045CC07F23A5047600912780 /* SecondaryViewController.swift */; };
		049E16E7246DA23600C71C68 /* SpinnerViewController.swift in Sources */ = {isa = PBXBuildFile; fileRef = 049E16E6246DA23600C71C68 /* SpinnerViewController.swift */; };
		04AE7D72255C57170064BD2F /* secondary.js in Resources */ = {isa = PBXBuildFile; fileRef = 04AE7D63255C57170064BD2F /* secondary.js */; };
		04AE7D73255C57170064BD2F /* three.js in Resources */ = {isa = PBXBuildFile; fileRef = 04AE7D65255C57170064BD2F /* three.js */; };
		04AE7D74255C57170064BD2F /* captivity.js in Resources */ = {isa = PBXBuildFile; fileRef = 04AE7D66255C57170064BD2F /* captivity.js */; };
		04AE7D75255C57170064BD2F /* grid.html in Resources */ = {isa = PBXBuildFile; fileRef = 04AE7D67255C57170064BD2F /* grid.html */; };
		04AE7D76255C57170064BD2F /* Secondary.html in Resources */ = {isa = PBXBuildFile; fileRef = 04AE7D68255C57170064BD2F /* Secondary.html */; };
		04AE7D77255C57170064BD2F /* embeddedSVG.html in Resources */ = {isa = PBXBuildFile; fileRef = 04AE7D69255C57170064BD2F /* embeddedSVG.html */; };
		04AE7D78255C57170064BD2F /* speech.html in Resources */ = {isa = PBXBuildFile; fileRef = 04AE7D6A255C57170064BD2F /* speech.html */; };
		04AE7D79255C57170064BD2F /* spinner.js in Resources */ = {isa = PBXBuildFile; fileRef = 04AE7D6B255C57170064BD2F /* spinner.js */; };
		04AE7D7A255C57170064BD2F /* speech.js in Resources */ = {isa = PBXBuildFile; fileRef = 04AE7D6C255C57170064BD2F /* speech.js */; };
		04AE7D7B255C57170064BD2F /* Main.html in Resources */ = {isa = PBXBuildFile; fileRef = 04AE7D6D255C57170064BD2F /* Main.html */; };
		04AE7D7C255C57170064BD2F /* Spinner.html in Resources */ = {isa = PBXBuildFile; fileRef = 04AE7D6E255C57170064BD2F /* Spinner.html */; };
		04AE7D7D255C57170064BD2F /* speechcontrols.js in Resources */ = {isa = PBXBuildFile; fileRef = 04AE7D6F255C57170064BD2F /* speechcontrols.js */; };
		04AE7D7E255C57170064BD2F /* three.html in Resources */ = {isa = PBXBuildFile; fileRef = 04AE7D70255C57170064BD2F /* three.html */; };
		04AE7D7F255C57170064BD2F /* camera.html in Resources */ = {isa = PBXBuildFile; fileRef = 04AE7D71255C57170064BD2F /* camera.html */; };
/* End PBXBuildFile section */

/* Begin PBXFileReference section */
		043F54B42420F5C5000B6D40 /* Captivity.entitlements */ = {isa = PBXFileReference; lastKnownFileType = text.plist.entitlements; path = Captivity.entitlements; sourceTree = "<group>"; };
		044BDBB523A12383009F2C76 /* Captivity.app */ = {isa = PBXFileReference; explicitFileType = wrapper.application; includeInIndex = 0; path = Captivity.app; sourceTree = BUILT_PRODUCTS_DIR; };
		044BDBB823A12383009F2C76 /* AppDelegate.swift */ = {isa = PBXFileReference; lastKnownFileType = sourcecode.swift; path = AppDelegate.swift; sourceTree = "<group>"; };
		044BDBBA23A12383009F2C76 /* MainViewController.swift */ = {isa = PBXFileReference; lastKnownFileType = sourcecode.swift; path = MainViewController.swift; sourceTree = "<group>"; };
		044BDBBF23A12385009F2C76 /* Assets.xcassets */ = {isa = PBXFileReference; lastKnownFileType = folder.assetcatalog; path = Assets.xcassets; sourceTree = "<group>"; };
		044BDBC223A12385009F2C76 /* Base */ = {isa = PBXFileReference; lastKnownFileType = file.storyboard; name = Base; path = Base.lproj/LaunchScreen.storyboard; sourceTree = "<group>"; };
		044BDBC423A12385009F2C76 /* Info.plist */ = {isa = PBXFileReference; lastKnownFileType = text.plist.xml; path = Info.plist; sourceTree = "<group>"; };
		045CC07F23A5047600912780 /* SecondaryViewController.swift */ = {isa = PBXFileReference; lastKnownFileType = sourcecode.swift; path = SecondaryViewController.swift; sourceTree = "<group>"; };
		049E16E6246DA23600C71C68 /* SpinnerViewController.swift */ = {isa = PBXFileReference; lastKnownFileType = sourcecode.swift; path = SpinnerViewController.swift; sourceTree = "<group>"; };
		04AE7D63255C57170064BD2F /* secondary.js */ = {isa = PBXFileReference; fileEncoding = 4; lastKnownFileType = sourcecode.javascript; path = secondary.js; sourceTree = "<group>"; };
		04AE7D65255C57170064BD2F /* three.js */ = {isa = PBXFileReference; fileEncoding = 4; lastKnownFileType = sourcecode.javascript; path = three.js; sourceTree = "<group>"; };
		04AE7D66255C57170064BD2F /* captivity.js */ = {isa = PBXFileReference; fileEncoding = 4; lastKnownFileType = sourcecode.javascript; path = captivity.js; sourceTree = "<group>"; };
		04AE7D67255C57170064BD2F /* grid.html */ = {isa = PBXFileReference; fileEncoding = 4; lastKnownFileType = text.html; path = grid.html; sourceTree = "<group>"; };
		04AE7D68255C57170064BD2F /* Secondary.html */ = {isa = PBXFileReference; fileEncoding = 4; lastKnownFileType = text.html; path = Secondary.html; sourceTree = "<group>"; };
		04AE7D69255C57170064BD2F /* embeddedSVG.html */ = {isa = PBXFileReference; fileEncoding = 4; lastKnownFileType = text.html; path = embeddedSVG.html; sourceTree = "<group>"; };
		04AE7D6A255C57170064BD2F /* speech.html */ = {isa = PBXFileReference; fileEncoding = 4; lastKnownFileType = text.html; path = speech.html; sourceTree = "<group>"; };
		04AE7D6B255C57170064BD2F /* spinner.js */ = {isa = PBXFileReference; fileEncoding = 4; lastKnownFileType = sourcecode.javascript; path = spinner.js; sourceTree = "<group>"; };
		04AE7D6C255C57170064BD2F /* speech.js */ = {isa = PBXFileReference; fileEncoding = 4; lastKnownFileType = sourcecode.javascript; path = speech.js; sourceTree = "<group>"; };
		04AE7D6D255C57170064BD2F /* Main.html */ = {isa = PBXFileReference; fileEncoding = 4; lastKnownFileType = text.html; path = Main.html; sourceTree = "<group>"; };
		04AE7D6E255C57170064BD2F /* Spinner.html */ = {isa = PBXFileReference; fileEncoding = 4; lastKnownFileType = text.html; path = Spinner.html; sourceTree = "<group>"; };
		04AE7D6F255C57170064BD2F /* speechcontrols.js */ = {isa = PBXFileReference; fileEncoding = 4; lastKnownFileType = sourcecode.javascript; path = speechcontrols.js; sourceTree = "<group>"; };
		04AE7D70255C57170064BD2F /* three.html */ = {isa = PBXFileReference; fileEncoding = 4; lastKnownFileType = text.html; path = three.html; sourceTree = "<group>"; };
		04AE7D71255C57170064BD2F /* camera.html */ = {isa = PBXFileReference; fileEncoding = 4; lastKnownFileType = text.html; path = camera.html; sourceTree = "<group>"; };
/* End PBXFileReference section */

/* Begin PBXFrameworksBuildPhase section */
		044BDBB223A12383009F2C76 /* Frameworks */ = {
			isa = PBXFrameworksBuildPhase;
			buildActionMask = 2147483647;
			files = (
				041FCB58255C3DCE00BD92D0 /* CaptiveWebView in Frameworks */,
			);
			runOnlyForDeploymentPostprocessing = 0;
		};
/* End PBXFrameworksBuildPhase section */

/* Begin PBXGroup section */
		04031C3423A126AC00DA01E6 /* Frameworks */ = {
			isa = PBXGroup;
			children = (
			);
			name = Frameworks;
			sourceTree = "<group>";
		};
		044BDBAC23A12383009F2C76 = {
			isa = PBXGroup;
			children = (
				044BDBB723A12383009F2C76 /* Captivity */,
				044BDBB623A12383009F2C76 /* Products */,
				04031C3423A126AC00DA01E6 /* Frameworks */,
			);
			sourceTree = "<group>";
		};
		044BDBB623A12383009F2C76 /* Products */ = {
			isa = PBXGroup;
			children = (
				044BDBB523A12383009F2C76 /* Captivity.app */,
			);
			name = Products;
			sourceTree = "<group>";
		};
		044BDBB723A12383009F2C76 /* Captivity */ = {
			isa = PBXGroup;
			children = (
				04AE7D62255C57170064BD2F /* UserInterface */,
				043F54B42420F5C5000B6D40 /* Captivity.entitlements */,
				044BDBB823A12383009F2C76 /* AppDelegate.swift */,
				044BDBBA23A12383009F2C76 /* MainViewController.swift */,
				044BDBBF23A12385009F2C76 /* Assets.xcassets */,
				044BDBC123A12385009F2C76 /* LaunchScreen.storyboard */,
				044BDBC423A12385009F2C76 /* Info.plist */,
				045CC07F23A5047600912780 /* SecondaryViewController.swift */,
				049E16E6246DA23600C71C68 /* SpinnerViewController.swift */,
			);
			path = Captivity;
			sourceTree = SOURCE_ROOT;
		};
		04AE7D62255C57170064BD2F /* UserInterface */ = {
			isa = PBXGroup;
			children = (
				04AE7D63255C57170064BD2F /* secondary.js */,
				04AE7D64255C57170064BD2F /* js */,
				04AE7D66255C57170064BD2F /* captivity.js */,
				04AE7D67255C57170064BD2F /* grid.html */,
				04AE7D68255C57170064BD2F /* Secondary.html */,
				04AE7D69255C57170064BD2F /* embeddedSVG.html */,
				04AE7D6A255C57170064BD2F /* speech.html */,
				04AE7D6B255C57170064BD2F /* spinner.js */,
				04AE7D6C255C57170064BD2F /* speech.js */,
				04AE7D6D255C57170064BD2F /* Main.html */,
				04AE7D6E255C57170064BD2F /* Spinner.html */,
				04AE7D6F255C57170064BD2F /* speechcontrols.js */,
				04AE7D70255C57170064BD2F /* three.html */,
				04AE7D71255C57170064BD2F /* camera.html */,
			);
			name = UserInterface;
			path = ../../../WebResources/Captivity/UserInterface;
			sourceTree = "<group>";
		};
		04AE7D64255C57170064BD2F /* js */ = {
			isa = PBXGroup;
			children = (
				04AE7D65255C57170064BD2F /* three.js */,
			);
			path = js;
			sourceTree = "<group>";
		};
/* End PBXGroup section */

/* Begin PBXNativeTarget section */
		044BDBB423A12383009F2C76 /* Captivity */ = {
			isa = PBXNativeTarget;
			buildConfigurationList = 044BDBC723A12385009F2C76 /* Build configuration list for PBXNativeTarget "Captivity" */;
			buildPhases = (
				044BDBB123A12383009F2C76 /* Sources */,
				044BDBB223A12383009F2C76 /* Frameworks */,
				044BDBB323A12383009F2C76 /* Resources */,
			);
			buildRules = (
			);
			dependencies = (
			);
			name = Captivity;
			packageProductDependencies = (
				041FCB57255C3DCE00BD92D0 /* CaptiveWebView */,
			);
			productName = Captivity;
			productReference = 044BDBB523A12383009F2C76 /* Captivity.app */;
			productType = "com.apple.product-type.application";
		};
/* End PBXNativeTarget section */

/* Begin PBXProject section */
		044BDBAD23A12383009F2C76 /* Project object */ = {
			isa = PBXProject;
			attributes = {
				LastSwiftUpdateCheck = 1020;
				LastUpgradeCheck = 1200;
				ORGANIZATIONNAME = "Jim Hawkins";
				TargetAttributes = {
					044BDBB423A12383009F2C76 = {
						CreatedOnToolsVersion = 10.2.1;
					};
				};
			};
			buildConfigurationList = 044BDBB023A12383009F2C76 /* Build configuration list for PBXProject "Captivity" */;
			compatibilityVersion = "Xcode 9.3";
			developmentRegion = en;
			hasScannedForEncodings = 0;
			knownRegions = (
				en,
				Base,
			);
			mainGroup = 044BDBAC23A12383009F2C76;
			productRefGroup = 044BDBB623A12383009F2C76 /* Products */;
			projectDirPath = "";
			projectRoot = "";
			targets = (
				044BDBB423A12383009F2C76 /* Captivity */,
			);
		};
/* End PBXProject section */

/* Begin PBXResourcesBuildPhase section */
		044BDBB323A12383009F2C76 /* Resources */ = {
			isa = PBXResourcesBuildPhase;
			buildActionMask = 2147483647;
			files = (
				04AE7D75255C57170064BD2F /* grid.html in Resources */,
				04AE7D7B255C57170064BD2F /* Main.html in Resources */,
				04AE7D78255C57170064BD2F /* speech.html in Resources */,
				044BDBC323A12385009F2C76 /* LaunchScreen.storyboard in Resources */,
				044BDBC023A12385009F2C76 /* Assets.xcassets in Resources */,
				04AE7D7C255C57170064BD2F /* Spinner.html in Resources */,
				04AE7D79255C57170064BD2F /* spinner.js in Resources */,
				04AE7D7F255C57170064BD2F /* camera.html in Resources */,
				04AE7D72255C57170064BD2F /* secondary.js in Resources */,
				04AE7D7D255C57170064BD2F /* speechcontrols.js in Resources */,
				04AE7D76255C57170064BD2F /* Secondary.html in Resources */,
				04AE7D77255C57170064BD2F /* embeddedSVG.html in Resources */,
				04AE7D7A255C57170064BD2F /* speech.js in Resources */,
				04AE7D74255C57170064BD2F /* captivity.js in Resources */,
				04AE7D73255C57170064BD2F /* three.js in Resources */,
				04AE7D7E255C57170064BD2F /* three.html in Resources */,
			);
			runOnlyForDeploymentPostprocessing = 0;
		};
/* End PBXResourcesBuildPhase section */

/* Begin PBXSourcesBuildPhase section */
		044BDBB123A12383009F2C76 /* Sources */ = {
			isa = PBXSourcesBuildPhase;
			buildActionMask = 2147483647;
			files = (
				049E16E7246DA23600C71C68 /* SpinnerViewController.swift in Sources */,
				044BDBBB23A12383009F2C76 /* MainViewController.swift in Sources */,
				044BDBB923A12383009F2C76 /* AppDelegate.swift in Sources */,
				045CC08023A5047600912780 /* SecondaryViewController.swift in Sources */,
			);
			runOnlyForDeploymentPostprocessing = 0;
		};
/* End PBXSourcesBuildPhase section */

/* Begin PBXVariantGroup section */
		044BDBC123A12385009F2C76 /* LaunchScreen.storyboard */ = {
			isa = PBXVariantGroup;
			children = (
				044BDBC223A12385009F2C76 /* Base */,
			);
			name = LaunchScreen.storyboard;
			sourceTree = "<group>";
		};
/* End PBXVariantGroup section */

/* Begin XCBuildConfiguration section */
		044BDBC523A12385009F2C76 /* Debug */ = {
			isa = XCBuildConfiguration;
			buildSettings = {
				ALWAYS_SEARCH_USER_PATHS = NO;
				CLANG_ANALYZER_NONNULL = YES;
				CLANG_ANALYZER_NUMBER_OBJECT_CONVERSION = YES_AGGRESSIVE;
				CLANG_CXX_LANGUAGE_STANDARD = "gnu++14";
				CLANG_CXX_LIBRARY = "libc++";
				CLANG_ENABLE_MODULES = YES;
				CLANG_ENABLE_OBJC_ARC = YES;
				CLANG_ENABLE_OBJC_WEAK = YES;
				CLANG_WARN_BLOCK_CAPTURE_AUTORELEASING = YES;
				CLANG_WARN_BOOL_CONVERSION = YES;
				CLANG_WARN_COMMA = YES;
				CLANG_WARN_CONSTANT_CONVERSION = YES;
				CLANG_WARN_DEPRECATED_OBJC_IMPLEMENTATIONS = YES;
				CLANG_WARN_DIRECT_OBJC_ISA_USAGE = YES_ERROR;
				CLANG_WARN_DOCUMENTATION_COMMENTS = YES;
				CLANG_WARN_EMPTY_BODY = YES;
				CLANG_WARN_ENUM_CONVERSION = YES;
				CLANG_WARN_INFINITE_RECURSION = YES;
				CLANG_WARN_INT_CONVERSION = YES;
				CLANG_WARN_NON_LITERAL_NULL_CONVERSION = YES;
				CLANG_WARN_OBJC_IMPLICIT_RETAIN_SELF = YES;
				CLANG_WARN_OBJC_LITERAL_CONVERSION = YES;
				CLANG_WARN_OBJC_ROOT_CLASS = YES_ERROR;
				CLANG_WARN_QUOTED_INCLUDE_IN_FRAMEWORK_HEADER = YES;
				CLANG_WARN_RANGE_LOOP_ANALYSIS = YES;
				CLANG_WARN_STRICT_PROTOTYPES = YES;
				CLANG_WARN_SUSPICIOUS_MOVE = YES;
				CLANG_WARN_UNGUARDED_AVAILABILITY = YES_AGGRESSIVE;
				CLANG_WARN_UNREACHABLE_CODE = YES;
				CLANG_WARN__DUPLICATE_METHOD_MATCH = YES;
				CODE_SIGN_IDENTITY = "iPhone Developer";
				COPY_PHASE_STRIP = NO;
				DEBUG_INFORMATION_FORMAT = dwarf;
				ENABLE_STRICT_OBJC_MSGSEND = YES;
				ENABLE_TESTABILITY = YES;
				GCC_C_LANGUAGE_STANDARD = gnu11;
				GCC_DYNAMIC_NO_PIC = NO;
				GCC_NO_COMMON_BLOCKS = YES;
				GCC_OPTIMIZATION_LEVEL = 0;
				GCC_PREPROCESSOR_DEFINITIONS = (
					"DEBUG=1",
					"$(inherited)",
				);
				GCC_WARN_64_TO_32_BIT_CONVERSION = YES;
				GCC_WARN_ABOUT_RETURN_TYPE = YES_ERROR;
				GCC_WARN_UNDECLARED_SELECTOR = YES;
				GCC_WARN_UNINITIALIZED_AUTOS = YES_AGGRESSIVE;
				GCC_WARN_UNUSED_FUNCTION = YES;
				GCC_WARN_UNUSED_VARIABLE = YES;
				IPHONEOS_DEPLOYMENT_TARGET = 12.2;
				MTL_ENABLE_DEBUG_INFO = INCLUDE_SOURCE;
				MTL_FAST_MATH = YES;
				ONLY_ACTIVE_ARCH = YES;
				SDKROOT = iphoneos;
				SWIFT_ACTIVE_COMPILATION_CONDITIONS = DEBUG;
				SWIFT_OPTIMIZATION_LEVEL = "-Onone";
			};
			name = Debug;
		};
		044BDBC623A12385009F2C76 /* Release */ = {
			isa = XCBuildConfiguration;
			buildSettings = {
				ALWAYS_SEARCH_USER_PATHS = NO;
				CLANG_ANALYZER_NONNULL = YES;
				CLANG_ANALYZER_NUMBER_OBJECT_CONVERSION = YES_AGGRESSIVE;
				CLANG_CXX_LANGUAGE_STANDARD = "gnu++14";
				CLANG_CXX_LIBRARY = "libc++";
				CLANG_ENABLE_MODULES = YES;
				CLANG_ENABLE_OBJC_ARC = YES;
				CLANG_ENABLE_OBJC_WEAK = YES;
				CLANG_WARN_BLOCK_CAPTURE_AUTORELEASING = YES;
				CLANG_WARN_BOOL_CONVERSION = YES;
				CLANG_WARN_COMMA = YES;
				CLANG_WARN_CONSTANT_CONVERSION = YES;
				CLANG_WARN_DEPRECATED_OBJC_IMPLEMENTATIONS = YES;
				CLANG_WARN_DIRECT_OBJC_ISA_USAGE = YES_ERROR;
				CLANG_WARN_DOCUMENTATION_COMMENTS = YES;
				CLANG_WARN_EMPTY_BODY = YES;
				CLANG_WARN_ENUM_CONVERSION = YES;
				CLANG_WARN_INFINITE_RECURSION = YES;
				CLANG_WARN_INT_CONVERSION = YES;
				CLANG_WARN_NON_LITERAL_NULL_CONVERSION = YES;
				CLANG_WARN_OBJC_IMPLICIT_RETAIN_SELF = YES;
				CLANG_WARN_OBJC_LITERAL_CONVERSION = YES;
				CLANG_WARN_OBJC_ROOT_CLASS = YES_ERROR;
				CLANG_WARN_QUOTED_INCLUDE_IN_FRAMEWORK_HEADER = YES;
				CLANG_WARN_RANGE_LOOP_ANALYSIS = YES;
				CLANG_WARN_STRICT_PROTOTYPES = YES;
				CLANG_WARN_SUSPICIOUS_MOVE = YES;
				CLANG_WARN_UNGUARDED_AVAILABILITY = YES_AGGRESSIVE;
				CLANG_WARN_UNREACHABLE_CODE = YES;
				CLANG_WARN__DUPLICATE_METHOD_MATCH = YES;
				CODE_SIGN_IDENTITY = "iPhone Developer";
				COPY_PHASE_STRIP = NO;
				DEBUG_INFORMATION_FORMAT = "dwarf-with-dsym";
				ENABLE_NS_ASSERTIONS = NO;
				ENABLE_STRICT_OBJC_MSGSEND = YES;
				GCC_C_LANGUAGE_STANDARD = gnu11;
				GCC_NO_COMMON_BLOCKS = YES;
				GCC_WARN_64_TO_32_BIT_CONVERSION = YES;
				GCC_WARN_ABOUT_RETURN_TYPE = YES_ERROR;
				GCC_WARN_UNDECLARED_SELECTOR = YES;
				GCC_WARN_UNINITIALIZED_AUTOS = YES_AGGRESSIVE;
				GCC_WARN_UNUSED_FUNCTION = YES;
				GCC_WARN_UNUSED_VARIABLE = YES;
				IPHONEOS_DEPLOYMENT_TARGET = 12.2;
				MTL_ENABLE_DEBUG_INFO = NO;
				MTL_FAST_MATH = YES;
				SDKROOT = iphoneos;
				SWIFT_COMPILATION_MODE = wholemodule;
				SWIFT_OPTIMIZATION_LEVEL = "-O";
				VALIDATE_PRODUCT = YES;
			};
			name = Release;
		};
		044BDBC823A12385009F2C76 /* Debug */ = {
			isa = XCBuildConfiguration;
			buildSettings = {
				ASSETCATALOG_COMPILER_APPICON_NAME = AppIcon;
				CODE_SIGN_ENTITLEMENTS = Captivity/Captivity.entitlements;
				CODE_SIGN_STYLE = Automatic;
				DERIVE_MACCATALYST_PRODUCT_BUNDLE_IDENTIFIER = YES;
				DEVELOPMENT_TEAM = S2ZMFGQM93;
				INFOPLIST_FILE = Captivity/Info.plist;
				IPHONEOS_DEPLOYMENT_TARGET = 13.0;
				LD_RUNPATH_SEARCH_PATHS = (
					"$(inherited)",
					"@executable_path/Frameworks",
				);
				PRODUCT_BUNDLE_IDENTIFIER = com.example.captivewebview.Captivity;
				PRODUCT_NAME = "$(TARGET_NAME)";
				SUPPORTS_MACCATALYST = YES;
				SWIFT_VERSION = 5.0;
				TARGETED_DEVICE_FAMILY = "1,2";
			};
			name = Debug;
		};
		044BDBC923A12385009F2C76 /* Release */ = {
			isa = XCBuildConfiguration;
			buildSettings = {
				ASSETCATALOG_COMPILER_APPICON_NAME = AppIcon;
				CODE_SIGN_ENTITLEMENTS = Captivity/Captivity.entitlements;
				CODE_SIGN_STYLE = Automatic;
				DERIVE_MACCATALYST_PRODUCT_BUNDLE_IDENTIFIER = YES;
				DEVELOPMENT_TEAM = S2ZMFGQM93;
				INFOPLIST_FILE = Captivity/Info.plist;
				IPHONEOS_DEPLOYMENT_TARGET = 13.0;
				LD_RUNPATH_SEARCH_PATHS = (
					"$(inherited)",
					"@executable_path/Frameworks",
				);
				PRODUCT_BUNDLE_IDENTIFIER = com.example.captivewebview.Captivity;
				PRODUCT_NAME = "$(TARGET_NAME)";
				SUPPORTS_MACCATALYST = YES;
				SWIFT_VERSION = 5.0;
				TARGETED_DEVICE_FAMILY = "1,2";
			};
			name = Release;
		};
/* End XCBuildConfiguration section */

/* Begin XCConfigurationList section */
		044BDBB023A12383009F2C76 /* Build configuration list for PBXProject "Captivity" */ = {
			isa = XCConfigurationList;
			buildConfigurations = (
				044BDBC523A12385009F2C76 /* Debug */,
				044BDBC623A12385009F2C76 /* Release */,
			);
			defaultConfigurationIsVisible = 0;
			defaultConfigurationName = Release;
		};
		044BDBC723A12385009F2C76 /* Build configuration list for PBXNativeTarget "Captivity" */ = {
			isa = XCConfigurationList;
			buildConfigurations = (
				044BDBC823A12385009F2C76 /* Debug */,
				044BDBC923A12385009F2C76 /* Release */,
			);
			defaultConfigurationIsVisible = 0;
			defaultConfigurationName = Release;
		};
/* End XCConfigurationList section */

/* Begin XCSwiftPackageProductDependency section */
		041FCB57255C3DCE00BD92D0 /* CaptiveWebView */ = {
			isa = XCSwiftPackageProductDependency;
			productName = CaptiveWebView;
		};
/* End XCSwiftPackageProductDependency section */
	};
	rootObject = 044BDBAD23A12383009F2C76 /* Project object */;
}
