// !$*UTF8*$!
/* Copyright 2020 VMware, Inc.
 * SPDX-License-Identifier: BSD-2-Clause
 */
{
	archiveVersion = 1;
	classes = {
	};
	objectVersion = 50;
	objects = {

/* Begin PBXBuildFile section */
		04031C3623A126AC00DA01E6 /* CaptiveWebView.framework in Frameworks */ = {isa = PBXBuildFile; fileRef = 04031C3523A126AC00DA01E6 /* CaptiveWebView.framework */; };
		04031C3823A126B600DA01E6 /* CaptiveWebView.framework in Embed Frameworks */ = {isa = PBXBuildFile; fileRef = 04031C3523A126AC00DA01E6 /* CaptiveWebView.framework */; settings = {ATTRIBUTES = (CodeSignOnCopy, RemoveHeadersOnCopy, ); }; };
		044BDBB923A12383009F2C76 /* AppDelegate.swift in Sources */ = {isa = PBXBuildFile; fileRef = 044BDBB823A12383009F2C76 /* AppDelegate.swift */; };
		044BDBBB23A12383009F2C76 /* MainViewController.swift in Sources */ = {isa = PBXBuildFile; fileRef = 044BDBBA23A12383009F2C76 /* MainViewController.swift */; };
		044BDBC023A12385009F2C76 /* Assets.xcassets in Resources */ = {isa = PBXBuildFile; fileRef = 044BDBBF23A12385009F2C76 /* Assets.xcassets */; };
		044BDBC323A12385009F2C76 /* LaunchScreen.storyboard in Resources */ = {isa = PBXBuildFile; fileRef = 044BDBC123A12385009F2C76 /* LaunchScreen.storyboard */; };
		045CC08023A5047600912780 /* SecondaryViewController.swift in Sources */ = {isa = PBXBuildFile; fileRef = 045CC07F23A5047600912780 /* SecondaryViewController.swift */; };
		04899D4C23FED6210088FAA3 /* UserInterface in Resources */ = {isa = PBXBuildFile; fileRef = 04899D4B23FED6210088FAA3 /* UserInterface */; };
/* End PBXBuildFile section */

/* Begin PBXCopyFilesBuildPhase section */
		04031C3923A126B600DA01E6 /* Embed Frameworks */ = {
			isa = PBXCopyFilesBuildPhase;
			buildActionMask = 2147483647;
			dstPath = "";
			dstSubfolderSpec = 10;
			files = (
				04031C3823A126B600DA01E6 /* CaptiveWebView.framework in Embed Frameworks */,
			);
			name = "Embed Frameworks";
			runOnlyForDeploymentPostprocessing = 0;
		};
/* End PBXCopyFilesBuildPhase section */

/* Begin PBXFileReference section */
		04031C3523A126AC00DA01E6 /* CaptiveWebView.framework */ = {isa = PBXFileReference; explicitFileType = wrapper.framework; path = CaptiveWebView.framework; sourceTree = BUILT_PRODUCTS_DIR; };
		043F54B42420F5C5000B6D40 /* Captivity.entitlements */ = {isa = PBXFileReference; lastKnownFileType = text.plist.entitlements; path = Captivity.entitlements; sourceTree = "<group>"; };
		044BDBB523A12383009F2C76 /* Captivity.app */ = {isa = PBXFileReference; explicitFileType = wrapper.application; includeInIndex = 0; path = Captivity.app; sourceTree = BUILT_PRODUCTS_DIR; };
		044BDBB823A12383009F2C76 /* AppDelegate.swift */ = {isa = PBXFileReference; lastKnownFileType = sourcecode.swift; path = AppDelegate.swift; sourceTree = "<group>"; };
		044BDBBA23A12383009F2C76 /* MainViewController.swift */ = {isa = PBXFileReference; lastKnownFileType = sourcecode.swift; path = MainViewController.swift; sourceTree = "<group>"; };
		044BDBBF23A12385009F2C76 /* Assets.xcassets */ = {isa = PBXFileReference; lastKnownFileType = folder.assetcatalog; path = Assets.xcassets; sourceTree = "<group>"; };
		044BDBC223A12385009F2C76 /* Base */ = {isa = PBXFileReference; lastKnownFileType = file.storyboard; name = Base; path = Base.lproj/LaunchScreen.storyboard; sourceTree = "<group>"; };
		044BDBC423A12385009F2C76 /* Info.plist */ = {isa = PBXFileReference; lastKnownFileType = text.plist.xml; path = Info.plist; sourceTree = "<group>"; };
		045CC07F23A5047600912780 /* SecondaryViewController.swift */ = {isa = PBXFileReference; lastKnownFileType = sourcecode.swift; path = SecondaryViewController.swift; sourceTree = "<group>"; };
		04899D4B23FED6210088FAA3 /* UserInterface */ = {isa = PBXFileReference; lastKnownFileType = folder; name = UserInterface; path = ../../../WebResources/Captivity/UserInterface; sourceTree = "<group>"; };
/* End PBXFileReference section */

/* Begin PBXFrameworksBuildPhase section */
		044BDBB223A12383009F2C76 /* Frameworks */ = {
			isa = PBXFrameworksBuildPhase;
			buildActionMask = 2147483647;
			files = (
				04031C3623A126AC00DA01E6 /* CaptiveWebView.framework in Frameworks */,
			);
			runOnlyForDeploymentPostprocessing = 0;
		};
/* End PBXFrameworksBuildPhase section */

/* Begin PBXGroup section */
		04031C3423A126AC00DA01E6 /* Frameworks */ = {
			isa = PBXGroup;
			children = (
				04031C3523A126AC00DA01E6 /* CaptiveWebView.framework */,
			);
			name = Frameworks;
			sourceTree = "<group>";
		};
		044BDBAC23A12383009F2C76 = {
			isa = PBXGroup;
			children = (
				044BDBB723A12383009F2C76 /* Captivity */,
				044BDBB623A12383009F2C76 /* Products */,
				04031C3423A126AC00DA01E6 /* Frameworks */,
			);
			sourceTree = "<group>";
		};
		044BDBB623A12383009F2C76 /* Products */ = {
			isa = PBXGroup;
			children = (
				044BDBB523A12383009F2C76 /* Captivity.app */,
			);
			name = Products;
			sourceTree = "<group>";
		};
		044BDBB723A12383009F2C76 /* Captivity */ = {
			isa = PBXGroup;
			children = (
				043F54B42420F5C5000B6D40 /* Captivity.entitlements */,
				04899D4B23FED6210088FAA3 /* UserInterface */,
				044BDBB823A12383009F2C76 /* AppDelegate.swift */,
				044BDBBA23A12383009F2C76 /* MainViewController.swift */,
				044BDBBF23A12385009F2C76 /* Assets.xcassets */,
				044BDBC123A12385009F2C76 /* LaunchScreen.storyboard */,
				044BDBC423A12385009F2C76 /* Info.plist */,
				045CC07F23A5047600912780 /* SecondaryViewController.swift */,
			);
			path = Captivity;
			sourceTree = "<group>";
		};
/* End PBXGroup section */

/* Begin PBXNativeTarget section */
		044BDBB423A12383009F2C76 /* Captivity */ = {
			isa = PBXNativeTarget;
			buildConfigurationList = 044BDBC723A12385009F2C76 /* Build configuration list for PBXNativeTarget "Captivity" */;
			buildPhases = (
				044BDBB123A12383009F2C76 /* Sources */,
				044BDBB223A12383009F2C76 /* Frameworks */,
				044BDBB323A12383009F2C76 /* Resources */,
				04031C3923A126B600DA01E6 /* Embed Frameworks */,
			);
			buildRules = (
			);
			dependencies = (
			);
			name = Captivity;
			productName = Captivity;
			productReference = 044BDBB523A12383009F2C76 /* Captivity.app */;
			productType = "com.apple.product-type.application";
		};
/* End PBXNativeTarget section */

/* Begin PBXProject section */
		044BDBAD23A12383009F2C76 /* Project object */ = {
			isa = PBXProject;
			attributes = {
				LastSwiftUpdateCheck = 1020;
				LastUpgradeCheck = 1020;
				ORGANIZATIONNAME = "Jim Hawkins";
				TargetAttributes = {
					044BDBB423A12383009F2C76 = {
						CreatedOnToolsVersion = 10.2.1;
					};
				};
			};
			buildConfigurationList = 044BDBB023A12383009F2C76 /* Build configuration list for PBXProject "Captivity" */;
			compatibilityVersion = "Xcode 9.3";
			developmentRegion = en;
			hasScannedForEncodings = 0;
			knownRegions = (
				en,
				Base,
			);
			mainGroup = 044BDBAC23A12383009F2C76;
			productRefGroup = 044BDBB623A12383009F2C76 /* Products */;
			projectDirPath = "";
			projectRoot = "";
			targets = (
				044BDBB423A12383009F2C76 /* Captivity */,
			);
		};
/* End PBXProject section */

/* Begin PBXResourcesBuildPhase section */
		044BDBB323A12383009F2C76 /* Resources */ = {
			isa = PBXResourcesBuildPhase;
			buildActionMask = 2147483647;
			files = (
				044BDBC323A12385009F2C76 /* LaunchScreen.storyboard in Resources */,
				044BDBC023A12385009F2C76 /* Assets.xcassets in Resources */,
				04899D4C23FED6210088FAA3 /* UserInterface in Resources */,
			);
			runOnlyForDeploymentPostprocessing = 0;
		};
/* End PBXResourcesBuildPhase section */

/* Begin PBXSourcesBuildPhase section */
		044BDBB123A12383009F2C76 /* Sources */ = {
			isa = PBXSourcesBuildPhase;
			buildActionMask = 2147483647;
			files = (
				044BDBBB23A12383009F2C76 /* MainViewController.swift in Sources */,
				044BDBB923A12383009F2C76 /* AppDelegate.swift in Sources */,
				045CC08023A5047600912780 /* SecondaryViewController.swift in Sources */,
			);
			runOnlyForDeploymentPostprocessing = 0;
		};
/* End PBXSourcesBuildPhase section */

/* Begin PBXVariantGroup section */
		044BDBC123A12385009F2C76 /* LaunchScreen.storyboard */ = {
			isa = PBXVariantGroup;
			children = (
				044BDBC223A12385009F2C76 /* Base */,
			);
			name = LaunchScreen.storyboard;
			sourceTree = "<group>";
		};
/* End PBXVariantGroup section */

/* Begin XCBuildConfiguration section */
		044BDBC523A12385009F2C76 /* Debug */ = {
			isa = XCBuildConfiguration;
			buildSettings = {
				ALWAYS_SEARCH_USER_PATHS = NO;
				CLANG_ANALYZER_NONNULL = YES;
				CLANG_ANALYZER_NUMBER_OBJECT_CONVERSION = YES_AGGRESSIVE;
				CLANG_CXX_LANGUAGE_STANDARD = "gnu++14";
				CLANG_CXX_LIBRARY = "libc++";
				CLANG_ENABLE_MODULES = YES;
				CLANG_ENABLE_OBJC_ARC = YES;
				CLANG_ENABLE_OBJC_WEAK = YES;
				CLANG_WARN_BLOCK_CAPTURE_AUTORELEASING = YES;
				CLANG_WARN_BOOL_CONVERSION = YES;
				CLANG_WARN_COMMA = YES;
				CLANG_WARN_CONSTANT_CONVERSION = YES;
				CLANG_WARN_DEPRECATED_OBJC_IMPLEMENTATIONS = YES;
				CLANG_WARN_DIRECT_OBJC_ISA_USAGE = YES_ERROR;
				CLANG_WARN_DOCUMENTATION_COMMENTS = YES;
				CLANG_WARN_EMPTY_BODY = YES;
				CLANG_WARN_ENUM_CONVERSION = YES;
				CLANG_WARN_INFINITE_RECURSION = YES;
				CLANG_WARN_INT_CONVERSION = YES;
				CLANG_WARN_NON_LITERAL_NULL_CONVERSION = YES;
				CLANG_WARN_OBJC_IMPLICIT_RETAIN_SELF = YES;
				CLANG_WARN_OBJC_LITERAL_CONVERSION = YES;
				CLANG_WARN_OBJC_ROOT_CLASS = YES_ERROR;
				CLANG_WARN_RANGE_LOOP_ANALYSIS = YES;
				CLANG_WARN_STRICT_PROTOTYPES = YES;
				CLANG_WARN_SUSPICIOUS_MOVE = YES;
				CLANG_WARN_UNGUARDED_AVAILABILITY = YES_AGGRESSIVE;
				CLANG_WARN_UNREACHABLE_CODE = YES;
				CLANG_WARN__DUPLICATE_METHOD_MATCH = YES;
				CODE_SIGN_IDENTITY = "iPhone Developer";
				COPY_PHASE_STRIP = NO;
				DEBUG_INFORMATION_FORMAT = dwarf;
				ENABLE_STRICT_OBJC_MSGSEND = YES;
				ENABLE_TESTABILITY = YES;
				GCC_C_LANGUAGE_STANDARD = gnu11;
				GCC_DYNAMIC_NO_PIC = NO;
				GCC_NO_COMMON_BLOCKS = YES;
				GCC_OPTIMIZATION_LEVEL = 0;
				GCC_PREPROCESSOR_DEFINITIONS = (
					"DEBUG=1",
					"$(inherited)",
				);
				GCC_WARN_64_TO_32_BIT_CONVERSION = YES;
				GCC_WARN_ABOUT_RETURN_TYPE = YES_ERROR;
				GCC_WARN_UNDECLARED_SELECTOR = YES;
				GCC_WARN_UNINITIALIZED_AUTOS = YES_AGGRESSIVE;
				GCC_WARN_UNUSED_FUNCTION = YES;
				GCC_WARN_UNUSED_VARIABLE = YES;
				IPHONEOS_DEPLOYMENT_TARGET = 12.2;
				MTL_ENABLE_DEBUG_INFO = INCLUDE_SOURCE;
				MTL_FAST_MATH = YES;
				ONLY_ACTIVE_ARCH = YES;
				SDKROOT = iphoneos;
				SWIFT_ACTIVE_COMPILATION_CONDITIONS = DEBUG;
				SWIFT_OPTIMIZATION_LEVEL = "-Onone";
			};
			name = Debug;
		};
		044BDBC623A12385009F2C76 /* Release */ = {
			isa = XCBuildConfiguration;
			buildSettings = {
				ALWAYS_SEARCH_USER_PATHS = NO;
				CLANG_ANALYZER_NONNULL = YES;
				CLANG_ANALYZER_NUMBER_OBJECT_CONVERSION = YES_AGGRESSIVE;
				CLANG_CXX_LANGUAGE_STANDARD = "gnu++14";
				CLANG_CXX_LIBRARY = "libc++";
				CLANG_ENABLE_MODULES = YES;
				CLANG_ENABLE_OBJC_ARC = YES;
				CLANG_ENABLE_OBJC_WEAK = YES;
				CLANG_WARN_BLOCK_CAPTURE_AUTORELEASING = YES;
				CLANG_WARN_BOOL_CONVERSION = YES;
				CLANG_WARN_COMMA = YES;
				CLANG_WARN_CONSTANT_CONVERSION = YES;
				CLANG_WARN_DEPRECATED_OBJC_IMPLEMENTATIONS = YES;
				CLANG_WARN_DIRECT_OBJC_ISA_USAGE = YES_ERROR;
				CLANG_WARN_DOCUMENTATION_COMMENTS = YES;
				CLANG_WARN_EMPTY_BODY = YES;
				CLANG_WARN_ENUM_CONVERSION = YES;
				CLANG_WARN_INFINITE_RECURSION = YES;
				CLANG_WARN_INT_CONVERSION = YES;
				CLANG_WARN_NON_LITERAL_NULL_CONVERSION = YES;
				CLANG_WARN_OBJC_IMPLICIT_RETAIN_SELF = YES;
				CLANG_WARN_OBJC_LITERAL_CONVERSION = YES;
				CLANG_WARN_OBJC_ROOT_CLASS = YES_ERROR;
				CLANG_WARN_RANGE_LOOP_ANALYSIS = YES;
				CLANG_WARN_STRICT_PROTOTYPES = YES;
				CLANG_WARN_SUSPICIOUS_MOVE = YES;
				CLANG_WARN_UNGUARDED_AVAILABILITY = YES_AGGRESSIVE;
				CLANG_WARN_UNREACHABLE_CODE = YES;
				CLANG_WARN__DUPLICATE_METHOD_MATCH = YES;
				CODE_SIGN_IDENTITY = "iPhone Developer";
				COPY_PHASE_STRIP = NO;
				DEBUG_INFORMATION_FORMAT = "dwarf-with-dsym";
				ENABLE_NS_ASSERTIONS = NO;
				ENABLE_STRICT_OBJC_MSGSEND = YES;
				GCC_C_LANGUAGE_STANDARD = gnu11;
				GCC_NO_COMMON_BLOCKS = YES;
				GCC_WARN_64_TO_32_BIT_CONVERSION = YES;
				GCC_WARN_ABOUT_RETURN_TYPE = YES_ERROR;
				GCC_WARN_UNDECLARED_SELECTOR = YES;
				GCC_WARN_UNINITIALIZED_AUTOS = YES_AGGRESSIVE;
				GCC_WARN_UNUSED_FUNCTION = YES;
				GCC_WARN_UNUSED_VARIABLE = YES;
				IPHONEOS_DEPLOYMENT_TARGET = 12.2;
				MTL_ENABLE_DEBUG_INFO = NO;
				MTL_FAST_MATH = YES;
				SDKROOT = iphoneos;
				SWIFT_COMPILATION_MODE = wholemodule;
				SWIFT_OPTIMIZATION_LEVEL = "-O";
				VALIDATE_PRODUCT = YES;
			};
			name = Release;
		};
		044BDBC823A12385009F2C76 /* Debug */ = {
			isa = XCBuildConfiguration;
			buildSettings = {
				ASSETCATALOG_COMPILER_APPICON_NAME = AppIcon;
				CODE_SIGN_ENTITLEMENTS = Captivity/Captivity.entitlements;
				CODE_SIGN_STYLE = Automatic;
				DERIVE_MACCATALYST_PRODUCT_BUNDLE_IDENTIFIER = YES;
				DEVELOPMENT_TEAM = S2ZMFGQM93;
				INFOPLIST_FILE = Captivity/Info.plist;
				LD_RUNPATH_SEARCH_PATHS = (
					"$(inherited)",
					"@executable_path/Frameworks",
				);
				PRODUCT_BUNDLE_IDENTIFIER = com.example.captivewebview.Captivity;
				PRODUCT_NAME = "$(TARGET_NAME)";
				SUPPORTS_MACCATALYST = YES;
				SWIFT_VERSION = 5.0;
				TARGETED_DEVICE_FAMILY = "1,2";
			};
			name = Debug;
		};
		044BDBC923A12385009F2C76 /* Release */ = {
			isa = XCBuildConfiguration;
			buildSettings = {
				ASSETCATALOG_COMPILER_APPICON_NAME = AppIcon;
				CODE_SIGN_ENTITLEMENTS = Captivity/Captivity.entitlements;
				CODE_SIGN_STYLE = Automatic;
				DERIVE_MACCATALYST_PRODUCT_BUNDLE_IDENTIFIER = YES;
				DEVELOPMENT_TEAM = S2ZMFGQM93;
				INFOPLIST_FILE = Captivity/Info.plist;
				LD_RUNPATH_SEARCH_PATHS = (
					"$(inherited)",
					"@executable_path/Frameworks",
				);
				PRODUCT_BUNDLE_IDENTIFIER = com.example.captivewebview.Captivity;
				PRODUCT_NAME = "$(TARGET_NAME)";
				SUPPORTS_MACCATALYST = YES;
				SWIFT_VERSION = 5.0;
				TARGETED_DEVICE_FAMILY = "1,2";
			};
			name = Release;
		};
/* End XCBuildConfiguration section */

/* Begin XCConfigurationList section */
		044BDBB023A12383009F2C76 /* Build configuration list for PBXProject "Captivity" */ = {
			isa = XCConfigurationList;
			buildConfigurations = (
				044BDBC523A12385009F2C76 /* Debug */,
				044BDBC623A12385009F2C76 /* Release */,
			);
			defaultConfigurationIsVisible = 0;
			defaultConfigurationName = Release;
		};
		044BDBC723A12385009F2C76 /* Build configuration list for PBXNativeTarget "Captivity" */ = {
			isa = XCConfigurationList;
			buildConfigurations = (
				044BDBC823A12385009F2C76 /* Debug */,
				044BDBC923A12385009F2C76 /* Release */,
			);
			defaultConfigurationIsVisible = 0;
			defaultConfigurationName = Release;
		};
/* End XCConfigurationList section */
	};
	rootObject = 044BDBAD23A12383009F2C76 /* Project object */;
}
