// !$*UTF8*$!
/* Copyright 2023 VMware, Inc.
 * SPDX-License-Identifier: BSD-2-Clause
 */
{
	archiveVersion = 1;
	classes = {
	};
	objectVersion = 52;
	objects = {

/* Begin PBXBuildFile section */
		0440AC73235B410300C44216 /* AppDelegate.swift in Sources */ = {isa = PBXBuildFile; fileRef = 0440AC72235B410300C44216 /* AppDelegate.swift */; };
		0440AC75235B410300C44216 /* ViewController.swift in Sources */ = {isa = PBXBuildFile; fileRef = 0440AC74235B410300C44216 /* ViewController.swift */; };
		0440AC78235B410300C44216 /* Main.storyboard in Resources */ = {isa = PBXBuildFile; fileRef = 0440AC76235B410300C44216 /* Main.storyboard */; };
		0440AC7A235B410400C44216 /* Assets.xcassets in Resources */ = {isa = PBXBuildFile; fileRef = 0440AC79235B410400C44216 /* Assets.xcassets */; };
		0440AC7D235B410400C44216 /* LaunchScreen.storyboard in Resources */ = {isa = PBXBuildFile; fileRef = 0440AC7B235B410400C44216 /* LaunchScreen.storyboard */; };
		048420E0255D393A00DAB9B6 /* CaptiveWebView in Frameworks */ = {isa = PBXBuildFile; productRef = 048420DF255D393A00DAB9B6 /* CaptiveWebView */; };
		04F1A861256AAD210039AA8C /* WebResources in Resources */ = {isa = PBXBuildFile; fileRef = 04F1A860256AAD210039AA8C /* WebResources */; };
/* End PBXBuildFile section */

/* Begin PBXFileReference section */
		0440AC6F235B410300C44216 /* Headless.app */ = {isa = PBXFileReference; explicitFileType = wrapper.application; includeInIndex = 0; path = Headless.app; sourceTree = BUILT_PRODUCTS_DIR; };
		0440AC72235B410300C44216 /* AppDelegate.swift */ = {isa = PBXFileReference; lastKnownFileType = sourcecode.swift; path = AppDelegate.swift; sourceTree = "<group>"; };
		0440AC74235B410300C44216 /* ViewController.swift */ = {isa = PBXFileReference; lastKnownFileType = sourcecode.swift; path = ViewController.swift; sourceTree = "<group>"; };
		0440AC77235B410300C44216 /* Base */ = {isa = PBXFileReference; lastKnownFileType = file.storyboard; name = Base; path = Base.lproj/Main.storyboard; sourceTree = "<group>"; };
		0440AC79235B410400C44216 /* Assets.xcassets */ = {isa = PBXFileReference; lastKnownFileType = folder.assetcatalog; path = Assets.xcassets; sourceTree = "<group>"; };
		0440AC7C235B410400C44216 /* Base */ = {isa = PBXFileReference; lastKnownFileType = file.storyboard; name = Base; path = Base.lproj/LaunchScreen.storyboard; sourceTree = "<group>"; };
		0440AC7E235B410400C44216 /* Info.plist */ = {isa = PBXFileReference; lastKnownFileType = text.plist.xml; path = Info.plist; sourceTree = "<group>"; };
		04F1A860256AAD210039AA8C /* WebResources */ = {isa = PBXFileReference; lastKnownFileType = folder; name = WebResources; path = ../../../WebResources/Headless/WebResources; sourceTree = "<group>"; };
/* End PBXFileReference section */

/* Begin PBXFrameworksBuildPhase section */
		0440AC6C235B410300C44216 /* Frameworks */ = {
			isa = PBXFrameworksBuildPhase;
			buildActionMask = 2147483647;
			files = (
				048420E0255D393A00DAB9B6 /* CaptiveWebView in Frameworks */,
			);
			runOnlyForDeploymentPostprocessing = 0;
		};
/* End PBXFrameworksBuildPhase section */

/* Begin PBXGroup section */
		0440AC66235B410300C44216 = {
			isa = PBXGroup;
			children = (
				0440AC71235B410300C44216 /* Headless */,
				0440AC70235B410300C44216 /* Products */,
				0440AC84235B488400C44216 /* Frameworks */,
			);
			sourceTree = "<group>";
		};
		0440AC70235B410300C44216 /* Products */ = {
			isa = PBXGroup;
			children = (
				0440AC6F235B410300C44216 /* Headless.app */,
			);
			name = Products;
			sourceTree = "<group>";
		};
		0440AC71235B410300C44216 /* Headless */ = {
			isa = PBXGroup;
			children = (
				04F1A860256AAD210039AA8C /* WebResources */,
				0440AC72235B410300C44216 /* AppDelegate.swift */,
				0440AC74235B410300C44216 /* ViewController.swift */,
				0440AC76235B410300C44216 /* Main.storyboard */,
				0440AC79235B410400C44216 /* Assets.xcassets */,
				0440AC7B235B410400C44216 /* LaunchScreen.storyboard */,
				0440AC7E235B410400C44216 /* Info.plist */,
			);
			path = Headless;
			sourceTree = "<group>";
		};
		0440AC84235B488400C44216 /* Frameworks */ = {
			isa = PBXGroup;
			children = (
			);
			name = Frameworks;
			sourceTree = "<group>";
		};
/* End PBXGroup section */

/* Begin PBXNativeTarget section */
		0440AC6E235B410300C44216 /* Headless */ = {
			isa = PBXNativeTarget;
			buildConfigurationList = 0440AC81235B410400C44216 /* Build configuration list for PBXNativeTarget "Headless" */;
			buildPhases = (
				0440AC6B235B410300C44216 /* Sources */,
				0440AC6C235B410300C44216 /* Frameworks */,
				0440AC6D235B410300C44216 /* Resources */,
			);
			buildRules = (
			);
			dependencies = (
			);
			name = Headless;
			packageProductDependencies = (
				048420DF255D393A00DAB9B6 /* CaptiveWebView */,
			);
			productName = Headless;
			productReference = 0440AC6F235B410300C44216 /* Headless.app */;
			productType = "com.apple.product-type.application";
		};
/* End PBXNativeTarget section */

/* Begin PBXProject section */
		0440AC67235B410300C44216 /* Project object */ = {
			isa = PBXProject;
			attributes = {
				LastSwiftUpdateCheck = 1020;
				LastUpgradeCheck = 1200;
				ORGANIZATIONNAME = "Jim Hawkins";
				TargetAttributes = {
					0440AC6E235B410300C44216 = {
						CreatedOnToolsVersion = 10.2.1;
					};
				};
			};
			buildConfigurationList = 0440AC6A235B410300C44216 /* Build configuration list for PBXProject "Headless" */;
			compatibilityVersion = "Xcode 9.3";
			developmentRegion = en;
			hasScannedForEncodings = 0;
			knownRegions = (
				en,
				Base,
			);
			mainGroup = 0440AC66235B410300C44216;
			productRefGroup = 0440AC70235B410300C44216 /* Products */;
			projectDirPath = "";
			projectRoot = "";
			targets = (
				0440AC6E235B410300C44216 /* Headless */,
			);
		};
/* End PBXProject section */

/* Begin PBXResourcesBuildPhase section */
		0440AC6D235B410300C44216 /* Resources */ = {
			isa = PBXResourcesBuildPhase;
			buildActionMask = 2147483647;
			files = (
				0440AC7D235B410400C44216 /* LaunchScreen.storyboard in Resources */,
				0440AC7A235B410400C44216 /* Assets.xcassets in Resources */,
				0440AC78235B410300C44216 /* Main.storyboard in Resources */,
				04F1A861256AAD210039AA8C /* WebResources in Resources */,
			);
			runOnlyForDeploymentPostprocessing = 0;
		};
/* End PBXResourcesBuildPhase section */

/* Begin PBXSourcesBuildPhase section */
		0440AC6B235B410300C44216 /* Sources */ = {
			isa = PBXSourcesBuildPhase;
			buildActionMask = 2147483647;
			files = (
				0440AC75235B410300C44216 /* ViewController.swift in Sources */,
				0440AC73235B410300C44216 /* AppDelegate.swift in Sources */,
			);
			runOnlyForDeploymentPostprocessing = 0;
		};
/* End PBXSourcesBuildPhase section */

/* Begin PBXVariantGroup section */
		0440AC76235B410300C44216 /* Main.storyboard */ = {
			isa = PBXVariantGroup;
			children = (
				0440AC77235B410300C44216 /* Base */,
			);
			name = Main.storyboard;
			sourceTree = "<group>";
		};
		0440AC7B235B410400C44216 /* LaunchScreen.storyboard */ = {
			isa = PBXVariantGroup;
			children = (
				0440AC7C235B410400C44216 /* Base */,
			);
			name = LaunchScreen.storyboard;
			sourceTree = "<group>";
		};
/* End PBXVariantGroup section */

/* Begin XCBuildConfiguration section */
		0440AC7F235B410400C44216 /* Debug */ = {
			isa = XCBuildConfiguration;
			buildSettings = {
				ALWAYS_SEARCH_USER_PATHS = NO;
				CLANG_ANALYZER_NONNULL = YES;
				CLANG_ANALYZER_NUMBER_OBJECT_CONVERSION = YES_AGGRESSIVE;
				CLANG_CXX_LANGUAGE_STANDARD = "gnu++14";
				CLANG_CXX_LIBRARY = "libc++";
				CLANG_ENABLE_MODULES = YES;
				CLANG_ENABLE_OBJC_ARC = YES;
				CLANG_ENABLE_OBJC_WEAK = YES;
				CLANG_WARN_BLOCK_CAPTURE_AUTORELEASING = YES;
				CLANG_WARN_BOOL_CONVERSION = YES;
				CLANG_WARN_COMMA = YES;
				CLANG_WARN_CONSTANT_CONVERSION = YES;
				CLANG_WARN_DEPRECATED_OBJC_IMPLEMENTATIONS = YES;
				CLANG_WARN_DIRECT_OBJC_ISA_USAGE = YES_ERROR;
				CLANG_WARN_DOCUMENTATION_COMMENTS = YES;
				CLANG_WARN_EMPTY_BODY = YES;
				CLANG_WARN_ENUM_CONVERSION = YES;
				CLANG_WARN_INFINITE_RECURSION = YES;
				CLANG_WARN_INT_CONVERSION = YES;
				CLANG_WARN_NON_LITERAL_NULL_CONVERSION = YES;
				CLANG_WARN_OBJC_IMPLICIT_RETAIN_SELF = YES;
				CLANG_WARN_OBJC_LITERAL_CONVERSION = YES;
				CLANG_WARN_OBJC_ROOT_CLASS = YES_ERROR;
				CLANG_WARN_QUOTED_INCLUDE_IN_FRAMEWORK_HEADER = YES;
				CLANG_WARN_RANGE_LOOP_ANALYSIS = YES;
				CLANG_WARN_STRICT_PROTOTYPES = YES;
				CLANG_WARN_SUSPICIOUS_MOVE = YES;
				CLANG_WARN_UNGUARDED_AVAILABILITY = YES_AGGRESSIVE;
				CLANG_WARN_UNREACHABLE_CODE = YES;
				CLANG_WARN__DUPLICATE_METHOD_MATCH = YES;
				CODE_SIGN_IDENTITY = "iPhone Developer";
				COPY_PHASE_STRIP = NO;
				DEBUG_INFORMATION_FORMAT = dwarf;
				ENABLE_STRICT_OBJC_MSGSEND = YES;
				ENABLE_TESTABILITY = YES;
				GCC_C_LANGUAGE_STANDARD = gnu11;
				GCC_DYNAMIC_NO_PIC = NO;
				GCC_NO_COMMON_BLOCKS = YES;
				GCC_OPTIMIZATION_LEVEL = 0;
				GCC_PREPROCESSOR_DEFINITIONS = (
					"DEBUG=1",
					"$(inherited)",
				);
				GCC_WARN_64_TO_32_BIT_CONVERSION = YES;
				GCC_WARN_ABOUT_RETURN_TYPE = YES_ERROR;
				GCC_WARN_UNDECLARED_SELECTOR = YES;
				GCC_WARN_UNINITIALIZED_AUTOS = YES_AGGRESSIVE;
				GCC_WARN_UNUSED_FUNCTION = YES;
				GCC_WARN_UNUSED_VARIABLE = YES;
				IPHONEOS_DEPLOYMENT_TARGET = 12.2;
				MTL_ENABLE_DEBUG_INFO = INCLUDE_SOURCE;
				MTL_FAST_MATH = YES;
				ONLY_ACTIVE_ARCH = YES;
				SDKROOT = iphoneos;
				SWIFT_ACTIVE_COMPILATION_CONDITIONS = DEBUG;
				SWIFT_OPTIMIZATION_LEVEL = "-Onone";
			};
			name = Debug;
		};
		0440AC80235B410400C44216 /* Release */ = {
			isa = XCBuildConfiguration;
			buildSettings = {
				ALWAYS_SEARCH_USER_PATHS = NO;
				CLANG_ANALYZER_NONNULL = YES;
				CLANG_ANALYZER_NUMBER_OBJECT_CONVERSION = YES_AGGRESSIVE;
				CLANG_CXX_LANGUAGE_STANDARD = "gnu++14";
				CLANG_CXX_LIBRARY = "libc++";
				CLANG_ENABLE_MODULES = YES;
				CLANG_ENABLE_OBJC_ARC = YES;
				CLANG_ENABLE_OBJC_WEAK = YES;
				CLANG_WARN_BLOCK_CAPTURE_AUTORELEASING = YES;
				CLANG_WARN_BOOL_CONVERSION = YES;
				CLANG_WARN_COMMA = YES;
				CLANG_WARN_CONSTANT_CONVERSION = YES;
				CLANG_WARN_DEPRECATED_OBJC_IMPLEMENTATIONS = YES;
				CLANG_WARN_DIRECT_OBJC_ISA_USAGE = YES_ERROR;
				CLANG_WARN_DOCUMENTATION_COMMENTS = YES;
				CLANG_WARN_EMPTY_BODY = YES;
				CLANG_WARN_ENUM_CONVERSION = YES;
				CLANG_WARN_INFINITE_RECURSION = YES;
				CLANG_WARN_INT_CONVERSION = YES;
				CLANG_WARN_NON_LITERAL_NULL_CONVERSION = YES;
				CLANG_WARN_OBJC_IMPLICIT_RETAIN_SELF = YES;
				CLANG_WARN_OBJC_LITERAL_CONVERSION = YES;
				CLANG_WARN_OBJC_ROOT_CLASS = YES_ERROR;
				CLANG_WARN_QUOTED_INCLUDE_IN_FRAMEWORK_HEADER = YES;
				CLANG_WARN_RANGE_LOOP_ANALYSIS = YES;
				CLANG_WARN_STRICT_PROTOTYPES = YES;
				CLANG_WARN_SUSPICIOUS_MOVE = YES;
				CLANG_WARN_UNGUARDED_AVAILABILITY = YES_AGGRESSIVE;
				CLANG_WARN_UNREACHABLE_CODE = YES;
				CLANG_WARN__DUPLICATE_METHOD_MATCH = YES;
				CODE_SIGN_IDENTITY = "iPhone Developer";
				COPY_PHASE_STRIP = NO;
				DEBUG_INFORMATION_FORMAT = "dwarf-with-dsym";
				ENABLE_NS_ASSERTIONS = NO;
				ENABLE_STRICT_OBJC_MSGSEND = YES;
				GCC_C_LANGUAGE_STANDARD = gnu11;
				GCC_NO_COMMON_BLOCKS = YES;
				GCC_WARN_64_TO_32_BIT_CONVERSION = YES;
				GCC_WARN_ABOUT_RETURN_TYPE = YES_ERROR;
				GCC_WARN_UNDECLARED_SELECTOR = YES;
				GCC_WARN_UNINITIALIZED_AUTOS = YES_AGGRESSIVE;
				GCC_WARN_UNUSED_FUNCTION = YES;
				GCC_WARN_UNUSED_VARIABLE = YES;
				IPHONEOS_DEPLOYMENT_TARGET = 12.2;
				MTL_ENABLE_DEBUG_INFO = NO;
				MTL_FAST_MATH = YES;
				SDKROOT = iphoneos;
				SWIFT_COMPILATION_MODE = wholemodule;
				SWIFT_OPTIMIZATION_LEVEL = "-O";
				VALIDATE_PRODUCT = YES;
			};
			name = Release;
		};
		0440AC82235B410400C44216 /* Debug */ = {
			isa = XCBuildConfiguration;
			buildSettings = {
				ASSETCATALOG_COMPILER_APPICON_NAME = AppIcon;
				CODE_SIGN_STYLE = Automatic;
				DEVELOPMENT_TEAM = YCA243M9TR;
				INFOPLIST_FILE = Headless/Info.plist;
				IPHONEOS_DEPLOYMENT_TARGET = 13.0;
				LD_RUNPATH_SEARCH_PATHS = (
					"$(inherited)",
					"@executable_path/Frameworks",
				);
				PRODUCT_BUNDLE_IDENTIFIER = com.vmware.captivewebview.Headless;
				PRODUCT_NAME = "$(TARGET_NAME)";
				SWIFT_VERSION = 5.0;
				TARGETED_DEVICE_FAMILY = "1,2";
			};
			name = Debug;
		};
		0440AC83235B410400C44216 /* Release */ = {
			isa = XCBuildConfiguration;
			buildSettings = {
				ASSETCATALOG_COMPILER_APPICON_NAME = AppIcon;
				CODE_SIGN_STYLE = Automatic;
				DEVELOPMENT_TEAM = YCA243M9TR;
				INFOPLIST_FILE = Headless/Info.plist;
				IPHONEOS_DEPLOYMENT_TARGET = 13.0;
				LD_RUNPATH_SEARCH_PATHS = (
					"$(inherited)",
					"@executable_path/Frameworks",
				);
				PRODUCT_BUNDLE_IDENTIFIER = com.vmware.captivewebview.Headless;
				PRODUCT_NAME = "$(TARGET_NAME)";
				SWIFT_VERSION = 5.0;
				TARGETED_DEVICE_FAMILY = "1,2";
			};
			name = Release;
		};
/* End XCBuildConfiguration section */

/* Begin XCConfigurationList section */
		0440AC6A235B410300C44216 /* Build configuration list for PBXProject "Headless" */ = {
			isa = XCConfigurationList;
			buildConfigurations = (
				0440AC7F235B410400C44216 /* Debug */,
				0440AC80235B410400C44216 /* Release */,
			);
			defaultConfigurationIsVisible = 0;
			defaultConfigurationName = Release;
		};
		0440AC81235B410400C44216 /* Build configuration list for PBXNativeTarget "Headless" */ = {
			isa = XCConfigurationList;
			buildConfigurations = (
				0440AC82235B410400C44216 /* Debug */,
				0440AC83235B410400C44216 /* Release */,
			);
			defaultConfigurationIsVisible = 0;
			defaultConfigurationName = Release;
		};
/* End XCConfigurationList section */

/* Begin XCSwiftPackageProductDependency section */
		048420DF255D393A00DAB9B6 /* CaptiveWebView */ = {
			isa = XCSwiftPackageProductDependency;
			productName = CaptiveWebView;
		};
/* End XCSwiftPackageProductDependency section */
	};
	rootObject = 0440AC67235B410300C44216 /* Project object */;
}
